
Microsoft Visual Studio Solution File, Format Version 12.00
Project("{FAE04EC0-301F-11D3-BF4B-00C04F79EFBC}") = "IntroductionDelegate", "IntroductionDelegate\IntroductionDelegate.csproj", "{B6501BE3-6233-4730-A1B7-BC7910DBFFD8}"
EndProject
Project("{FAE04EC0-301F-11D3-BF4B-00C04F79EFBC}") = "ConsoleApp1", "ConsoleApp1\ConsoleApp1.csproj", "{CA67D38C-DE97-44D5-8524-FBAADB88F420}"
EndProject
Global
	GlobalSection(SolutionConfigurationPlatforms) = preSolution
		Debug|Any CPU = Debug|Any CPU
		Release|Any CPU = Release|Any CPU
	EndGlobalSection
	GlobalSection(ProjectConfigurationPlatforms) = postSolution
		{B6501BE3-6233-4730-A1B7-BC7910DBFFD8}.Debug|Any CPU.ActiveCfg = Debug|Any CPU
		{B6501BE3-6233-4730-A1B7-BC7910DBFFD8}.Debug|Any CPU.Build.0 = Debug|Any CPU
		{B6501BE3-6233-4730-A1B7-BC7910DBFFD8}.Release|Any CPU.ActiveCfg = Release|Any CPU
		{B6501BE3-6233-4730-A1B7-BC7910DBFFD8}.Release|Any CPU.Build.0 = Release|Any CPU
		{CA67D38C-DE97-44D5-8524-FBAADB88F420}.Debug|Any CPU.ActiveCfg = Debug|Any CPU
		{CA67D38C-DE97-44D5-8524-FBAADB88F420}.Debug|Any CPU.Build.0 = Debug|Any CPU
		{CA67D38C-DE97-44D5-8524-FBAADB88F420}.Release|Any CPU.ActiveCfg = Release|Any CPU
		{CA67D38C-DE97-44D5-8524-FBAADB88F420}.Release|Any CPU.Build.0 = Release|Any CPU
	EndGlobalSection
	GlobalSection(NestedProjects) = preSolution
	EndGlobalSection
EndGlobal
